// !$*UTF8*$!
{
	archiveVersion = 1;
	classes = {
	};
	objectVersion = 50;
	objects = {

/* Begin PBXBuildFile section */
		C9D141F920BCEAC600E46D70 /* AppDelegate.swift in Sources */ = {isa = PBXBuildFile; fileRef = C9D141F820BCEAC600E46D70 /* AppDelegate.swift */; };
		C9D141FB20BCEAC600E46D70 /* ViewController.swift in Sources */ = {isa = PBXBuildFile; fileRef = C9D141FA20BCEAC600E46D70 /* ViewController.swift */; };
		C9D141FE20BCEAC600E46D70 /* Main.storyboard in Resources */ = {isa = PBXBuildFile; fileRef = C9D141FC20BCEAC600E46D70 /* Main.storyboard */; };
		C9D1420020BCEAC800E46D70 /* Assets.xcassets in Resources */ = {isa = PBXBuildFile; fileRef = C9D141FF20BCEAC800E46D70 /* Assets.xcassets */; };
		C9D1420320BCEAC800E46D70 /* LaunchScreen.storyboard in Resources */ = {isa = PBXBuildFile; fileRef = C9D1420120BCEAC800E46D70 /* LaunchScreen.storyboard */; };
		C9D1420E20BCEAC800E46D70 /* _01_RxSwiftDemoTests.swift in Sources */ = {isa = PBXBuildFile; fileRef = C9D1420D20BCEAC800E46D70 /* _01_RxSwiftDemoTests.swift */; };
		C9D1421920BCEAC800E46D70 /* _01_RxSwiftDemoUITests.swift in Sources */ = {isa = PBXBuildFile; fileRef = C9D1421820BCEAC800E46D70 /* _01_RxSwiftDemoUITests.swift */; };
		C9D1422920BCED0200E46D70 /* Student.swift in Sources */ = {isa = PBXBuildFile; fileRef = C9D1422820BCED0200E46D70 /* Student.swift */; };
		E0CCC9B52F3C99B5E15A172E /* Pods_001_RxSwiftDemo.framework in Frameworks */ = {isa = PBXBuildFile; fileRef = F2BD426759FF0AF4C03D9C81 /* Pods_001_RxSwiftDemo.framework */; };
/* End PBXBuildFile section */

/* Begin PBXContainerItemProxy section */
		C9D1420A20BCEAC800E46D70 /* PBXContainerItemProxy */ = {
			isa = PBXContainerItemProxy;
			containerPortal = C9D141ED20BCEAC500E46D70 /* Project object */;
			proxyType = 1;
			remoteGlobalIDString = C9D141F420BCEAC600E46D70;
			remoteInfo = "001-RxSwiftDemo";
		};
		C9D1421520BCEAC800E46D70 /* PBXContainerItemProxy */ = {
			isa = PBXContainerItemProxy;
			containerPortal = C9D141ED20BCEAC500E46D70 /* Project object */;
			proxyType = 1;
			remoteGlobalIDString = C9D141F420BCEAC600E46D70;
			remoteInfo = "001-RxSwiftDemo";
		};
/* End PBXContainerItemProxy section */

/* Begin PBXFileReference section */
		C9D141F520BCEAC600E46D70 /* 001-RxSwiftDemo.app */ = {isa = PBXFileReference; explicitFileType = wrapper.application; includeInIndex = 0; path = "001-RxSwiftDemo.app"; sourceTree = BUILT_PRODUCTS_DIR; };
		C9D141F820BCEAC600E46D70 /* AppDelegate.swift */ = {isa = PBXFileReference; lastKnownFileType = sourcecode.swift; path = AppDelegate.swift; sourceTree = "<group>"; };
		C9D141FA20BCEAC600E46D70 /* ViewController.swift */ = {isa = PBXFileReference; lastKnownFileType = sourcecode.swift; path = ViewController.swift; sourceTree = "<group>"; };
		C9D141FD20BCEAC600E46D70 /* Base */ = {isa = PBXFileReference; lastKnownFileType = file.storyboard; name = Base; path = Base.lproj/Main.storyboard; sourceTree = "<group>"; };
		C9D141FF20BCEAC800E46D70 /* Assets.xcassets */ = {isa = PBXFileReference; lastKnownFileType = folder.assetcatalog; path = Assets.xcassets; sourceTree = "<group>"; };
		C9D1420220BCEAC800E46D70 /* Base */ = {isa = PBXFileReference; lastKnownFileType = file.storyboard; name = Base; path = Base.lproj/LaunchScreen.storyboard; sourceTree = "<group>"; };
		C9D1420420BCEAC800E46D70 /* Info.plist */ = {isa = PBXFileReference; lastKnownFileType = text.plist.xml; path = Info.plist; sourceTree = "<group>"; };
		C9D1420920BCEAC800E46D70 /* 001-RxSwiftDemoTests.xctest */ = {isa = PBXFileReference; explicitFileType = wrapper.cfbundle; includeInIndex = 0; path = "001-RxSwiftDemoTests.xctest"; sourceTree = BUILT_PRODUCTS_DIR; };
		C9D1420D20BCEAC800E46D70 /* _01_RxSwiftDemoTests.swift */ = {isa = PBXFileReference; lastKnownFileType = sourcecode.swift; path = _01_RxSwiftDemoTests.swift; sourceTree = "<group>"; };
		C9D1420F20BCEAC800E46D70 /* Info.plist */ = {isa = PBXFileReference; lastKnownFileType = text.plist.xml; path = Info.plist; sourceTree = "<group>"; };
		C9D1421420BCEAC800E46D70 /* 001-RxSwiftDemoUITests.xctest */ = {isa = PBXFileReference; explicitFileType = wrapper.cfbundle; includeInIndex = 0; path = "001-RxSwiftDemoUITests.xctest"; sourceTree = BUILT_PRODUCTS_DIR; };
		C9D1421820BCEAC800E46D70 /* _01_RxSwiftDemoUITests.swift */ = {isa = PBXFileReference; lastKnownFileType = sourcecode.swift; path = _01_RxSwiftDemoUITests.swift; sourceTree = "<group>"; };
		C9D1421A20BCEAC800E46D70 /* Info.plist */ = {isa = PBXFileReference; lastKnownFileType = text.plist.xml; path = Info.plist; sourceTree = "<group>"; };
		C9D1422820BCED0200E46D70 /* Student.swift */ = {isa = PBXFileReference; lastKnownFileType = sourcecode.swift; path = Student.swift; sourceTree = "<group>"; };
		D629FE02456FDA0904A942BE /* Pods-001-RxSwiftDemo.debug.xcconfig */ = {isa = PBXFileReference; includeInIndex = 1; lastKnownFileType = text.xcconfig; name = "Pods-001-RxSwiftDemo.debug.xcconfig"; path = "Pods/Target Support Files/Pods-001-RxSwiftDemo/Pods-001-RxSwiftDemo.debug.xcconfig"; sourceTree = "<group>"; };
		DFE9702AE81D1E85B4E46E39 /* Pods-001-RxSwiftDemo.release.xcconfig */ = {isa = PBXFileReference; includeInIndex = 1; lastKnownFileType = text.xcconfig; name = "Pods-001-RxSwiftDemo.release.xcconfig"; path = "Pods/Target Support Files/Pods-001-RxSwiftDemo/Pods-001-RxSwiftDemo.release.xcconfig"; sourceTree = "<group>"; };
		F2BD426759FF0AF4C03D9C81 /* Pods_001_RxSwiftDemo.framework */ = {isa = PBXFileReference; explicitFileType = wrapper.framework; includeInIndex = 0; path = Pods_001_RxSwiftDemo.framework; sourceTree = BUILT_PRODUCTS_DIR; };
/* End PBXFileReference section */

/* Begin PBXFrameworksBuildPhase section */
		C9D141F220BCEAC600E46D70 /* Frameworks */ = {
			isa = PBXFrameworksBuildPhase;
			buildActionMask = 2147483647;
			files = (
				E0CCC9B52F3C99B5E15A172E /* Pods_001_RxSwiftDemo.framework in Frameworks */,
			);
			runOnlyForDeploymentPostprocessing = 0;
		};
		C9D1420620BCEAC800E46D70 /* Frameworks */ = {
			isa = PBXFrameworksBuildPhase;
			buildActionMask = 2147483647;
			files = (
			);
			runOnlyForDeploymentPostprocessing = 0;
		};
		C9D1421120BCEAC800E46D70 /* Frameworks */ = {
			isa = PBXFrameworksBuildPhase;
			buildActionMask = 2147483647;
			files = (
			);
			runOnlyForDeploymentPostprocessing = 0;
		};
/* End PBXFrameworksBuildPhase section */

/* Begin PBXGroup section */
		0E43A5E62B661992266CE98E /* Pods */ = {
			isa = PBXGroup;
			children = (
				D629FE02456FDA0904A942BE /* Pods-001-RxSwiftDemo.debug.xcconfig */,
				DFE9702AE81D1E85B4E46E39 /* Pods-001-RxSwiftDemo.release.xcconfig */,
			);
			name = Pods;
			sourceTree = "<group>";
		};
		C9D141EC20BCEAC500E46D70 = {
			isa = PBXGroup;
			children = (
				C9D141F720BCEAC600E46D70 /* 001-RxSwiftDemo */,
				C9D1420C20BCEAC800E46D70 /* 001-RxSwiftDemoTests */,
				C9D1421720BCEAC800E46D70 /* 001-RxSwiftDemoUITests */,
				C9D141F620BCEAC600E46D70 /* Products */,
				0E43A5E62B661992266CE98E /* Pods */,
				FDC0E7EB6934D84C8B5C6A2C /* Frameworks */,
			);
			sourceTree = "<group>";
		};
		C9D141F620BCEAC600E46D70 /* Products */ = {
			isa = PBXGroup;
			children = (
				C9D141F520BCEAC600E46D70 /* 001-RxSwiftDemo.app */,
				C9D1420920BCEAC800E46D70 /* 001-RxSwiftDemoTests.xctest */,
				C9D1421420BCEAC800E46D70 /* 001-RxSwiftDemoUITests.xctest */,
			);
			name = Products;
			sourceTree = "<group>";
		};
		C9D141F720BCEAC600E46D70 /* 001-RxSwiftDemo */ = {
			isa = PBXGroup;
			children = (
				C9D141F820BCEAC600E46D70 /* AppDelegate.swift */,
				C9D141FA20BCEAC600E46D70 /* ViewController.swift */,
				C9D1422820BCED0200E46D70 /* Student.swift */,
				C9D141FC20BCEAC600E46D70 /* Main.storyboard */,
				C9D141FF20BCEAC800E46D70 /* Assets.xcassets */,
				C9D1420120BCEAC800E46D70 /* LaunchScreen.storyboard */,
				C9D1420420BCEAC800E46D70 /* Info.plist */,
			);
			path = "001-RxSwiftDemo";
			sourceTree = "<group>";
		};
		C9D1420C20BCEAC800E46D70 /* 001-RxSwiftDemoTests */ = {
			isa = PBXGroup;
			children = (
				C9D1420D20BCEAC800E46D70 /* _01_RxSwiftDemoTests.swift */,
				C9D1420F20BCEAC800E46D70 /* Info.plist */,
			);
			path = "001-RxSwiftDemoTests";
			sourceTree = "<group>";
		};
		C9D1421720BCEAC800E46D70 /* 001-RxSwiftDemoUITests */ = {
			isa = PBXGroup;
			children = (
				C9D1421820BCEAC800E46D70 /* _01_RxSwiftDemoUITests.swift */,
				C9D1421A20BCEAC800E46D70 /* Info.plist */,
			);
			path = "001-RxSwiftDemoUITests";
			sourceTree = "<group>";
		};
		FDC0E7EB6934D84C8B5C6A2C /* Frameworks */ = {
			isa = PBXGroup;
			children = (
				F2BD426759FF0AF4C03D9C81 /* Pods_001_RxSwiftDemo.framework */,
			);
			name = Frameworks;
			sourceTree = "<group>";
		};
/* End PBXGroup section */

/* Begin PBXNativeTarget section */
		C9D141F420BCEAC600E46D70 /* 001-RxSwiftDemo */ = {
			isa = PBXNativeTarget;
			buildConfigurationList = C9D1421D20BCEAC800E46D70 /* Build configuration list for PBXNativeTarget "001-RxSwiftDemo" */;
			buildPhases = (
				22202FAB81EEF5BA0A5CFF8A /* [CP] Check Pods Manifest.lock */,
				C9D141F120BCEAC600E46D70 /* Sources */,
				C9D141F220BCEAC600E46D70 /* Frameworks */,
				C9D141F320BCEAC600E46D70 /* Resources */,
				5B5AAC65BB59EFFD1DAA005B /* [CP] Embed Pods Frameworks */,
			);
			buildRules = (
			);
			dependencies = (
			);
			name = "001-RxSwiftDemo";
			productName = "001-RxSwiftDemo";
			productReference = C9D141F520BCEAC600E46D70 /* 001-RxSwiftDemo.app */;
			productType = "com.apple.product-type.application";
		};
		C9D1420820BCEAC800E46D70 /* 001-RxSwiftDemoTests */ = {
			isa = PBXNativeTarget;
			buildConfigurationList = C9D1422020BCEAC800E46D70 /* Build configuration list for PBXNativeTarget "001-RxSwiftDemoTests" */;
			buildPhases = (
				C9D1420520BCEAC800E46D70 /* Sources */,
				C9D1420620BCEAC800E46D70 /* Frameworks */,
				C9D1420720BCEAC800E46D70 /* Resources */,
			);
			buildRules = (
			);
			dependencies = (
				C9D1420B20BCEAC800E46D70 /* PBXTargetDependency */,
			);
			name = "001-RxSwiftDemoTests";
			productName = "001-RxSwiftDemoTests";
			productReference = C9D1420920BCEAC800E46D70 /* 001-RxSwiftDemoTests.xctest */;
			productType = "com.apple.product-type.bundle.unit-test";
		};
		C9D1421320BCEAC800E46D70 /* 001-RxSwiftDemoUITests */ = {
			isa = PBXNativeTarget;
			buildConfigurationList = C9D1422320BCEAC800E46D70 /* Build configuration list for PBXNativeTarget "001-RxSwiftDemoUITests" */;
			buildPhases = (
				C9D1421020BCEAC800E46D70 /* Sources */,
				C9D1421120BCEAC800E46D70 /* Frameworks */,
				C9D1421220BCEAC800E46D70 /* Resources */,
			);
			buildRules = (
			);
			dependencies = (
				C9D1421620BCEAC800E46D70 /* PBXTargetDependency */,
			);
			name = "001-RxSwiftDemoUITests";
			productName = "001-RxSwiftDemoUITests";
			productReference = C9D1421420BCEAC800E46D70 /* 001-RxSwiftDemoUITests.xctest */;
			productType = "com.apple.product-type.bundle.ui-testing";
		};
/* End PBXNativeTarget section */

/* Begin PBXProject section */
		C9D141ED20BCEAC500E46D70 /* Project object */ = {
			isa = PBXProject;
			attributes = {
				LastSwiftUpdateCheck = 0930;
				LastUpgradeCheck = 0930;
				ORGANIZATIONNAME = SYJ;
				TargetAttributes = {
					C9D141F420BCEAC600E46D70 = {
						CreatedOnToolsVersion = 9.3;
					};
					C9D1420820BCEAC800E46D70 = {
						CreatedOnToolsVersion = 9.3;
						TestTargetID = C9D141F420BCEAC600E46D70;
					};
					C9D1421320BCEAC800E46D70 = {
						CreatedOnToolsVersion = 9.3;
						TestTargetID = C9D141F420BCEAC600E46D70;
					};
				};
			};
			buildConfigurationList = C9D141F020BCEAC500E46D70 /* Build configuration list for PBXProject "001-RxSwiftDemo" */;
			compatibilityVersion = "Xcode 9.3";
			developmentRegion = en;
			hasScannedForEncodings = 0;
			knownRegions = (
				en,
				Base,
			);
			mainGroup = C9D141EC20BCEAC500E46D70;
			productRefGroup = C9D141F620BCEAC600E46D70 /* Products */;
			projectDirPath = "";
			projectRoot = "";
			targets = (
				C9D141F420BCEAC600E46D70 /* 001-RxSwiftDemo */,
				C9D1420820BCEAC800E46D70 /* 001-RxSwiftDemoTests */,
				C9D1421320BCEAC800E46D70 /* 001-RxSwiftDemoUITests */,
			);
		};
/* End PBXProject section */

/* Begin PBXResourcesBuildPhase section */
		C9D141F320BCEAC600E46D70 /* Resources */ = {
			isa = PBXResourcesBuildPhase;
			buildActionMask = 2147483647;
			files = (
				C9D1420320BCEAC800E46D70 /* LaunchScreen.storyboard in Resources */,
				C9D1420020BCEAC800E46D70 /* Assets.xcassets in Resources */,
				C9D141FE20BCEAC600E46D70 /* Main.storyboard in Resources */,
			);
			runOnlyForDeploymentPostprocessing = 0;
		};
		C9D1420720BCEAC800E46D70 /* Resources */ = {
			isa = PBXResourcesBuildPhase;
			buildActionMask = 2147483647;
			files = (
			);
			runOnlyForDeploymentPostprocessing = 0;
		};
		C9D1421220BCEAC800E46D70 /* Resources */ = {
			isa = PBXResourcesBuildPhase;
			buildActionMask = 2147483647;
			files = (
			);
			runOnlyForDeploymentPostprocessing = 0;
		};
/* End PBXResourcesBuildPhase section */

/* Begin PBXShellScriptBuildPhase section */
		22202FAB81EEF5BA0A5CFF8A /* [CP] Check Pods Manifest.lock */ = {
			isa = PBXShellScriptBuildPhase;
			buildActionMask = 2147483647;
			files = (
			);
			inputPaths = (
				"${PODS_PODFILE_DIR_PATH}/Podfile.lock",
				"${PODS_ROOT}/Manifest.lock",
			);
			name = "[CP] Check Pods Manifest.lock";
			outputPaths = (
				"$(DERIVED_FILE_DIR)/Pods-001-RxSwiftDemo-checkManifestLockResult.txt",
			);
			runOnlyForDeploymentPostprocessing = 0;
			shellPath = /bin/sh;
			shellScript = "diff \"${PODS_PODFILE_DIR_PATH}/Podfile.lock\" \"${PODS_ROOT}/Manifest.lock\" > /dev/null\nif [ $? != 0 ] ; then\n    # print error to STDERR\n    echo \"error: The sandbox is not in sync with the Podfile.lock. Run 'pod install' or update your CocoaPods installation.\" >&2\n    exit 1\nfi\n# This output is used by Xcode 'outputs' to avoid re-running this script phase.\necho \"SUCCESS\" > \"${SCRIPT_OUTPUT_FILE_0}\"\n";
			showEnvVarsInLog = 0;
		};
		5B5AAC65BB59EFFD1DAA005B /* [CP] Embed Pods Frameworks */ = {
			isa = PBXShellScriptBuildPhase;
			buildActionMask = 2147483647;
			files = (
			);
			inputPaths = (
				"${SRCROOT}/Pods/Target Support Files/Pods-001-RxSwiftDemo/Pods-001-RxSwiftDemo-frameworks.sh",
				"${BUILT_PRODUCTS_DIR}/RxCocoa/RxCocoa.framework",
				"${BUILT_PRODUCTS_DIR}/RxSwift/RxSwift.framework",
			);
			name = "[CP] Embed Pods Frameworks";
			outputPaths = (
				"${TARGET_BUILD_DIR}/${FRAMEWORKS_FOLDER_PATH}/RxCocoa.framework",
				"${TARGET_BUILD_DIR}/${FRAMEWORKS_FOLDER_PATH}/RxSwift.framework",
			);
			runOnlyForDeploymentPostprocessing = 0;
			shellPath = /bin/sh;
			shellScript = "\"${SRCROOT}/Pods/Target Support Files/Pods-001-RxSwiftDemo/Pods-001-RxSwiftDemo-frameworks.sh\"\n";
			showEnvVarsInLog = 0;
		};
/* End PBXShellScriptBuildPhase section */

/* Begin PBXSourcesBuildPhase section */
		C9D141F120BCEAC600E46D70 /* Sources */ = {
			isa = PBXSourcesBuildPhase;
			buildActionMask = 2147483647;
			files = (
				C9D141FB20BCEAC600E46D70 /* ViewController.swift in Sources */,
				C9D1422920BCED0200E46D70 /* Student.swift in Sources */,
				C9D141F920BCEAC600E46D70 /* AppDelegate.swift in Sources */,
			);
			runOnlyForDeploymentPostprocessing = 0;
		};
		C9D1420520BCEAC800E46D70 /* Sources */ = {
			isa = PBXSourcesBuildPhase;
			buildActionMask = 2147483647;
			files = (
				C9D1420E20BCEAC800E46D70 /* _01_RxSwiftDemoTests.swift in Sources */,
			);
			runOnlyForDeploymentPostprocessing = 0;
		};
		C9D1421020BCEAC800E46D70 /* Sources */ = {
			isa = PBXSourcesBuildPhase;
			buildActionMask = 2147483647;
			files = (
				C9D1421920BCEAC800E46D70 /* _01_RxSwiftDemoUITests.swift in Sources */,
			);
			runOnlyForDeploymentPostprocessing = 0;
		};
/* End PBXSourcesBuildPhase section */

/* Begin PBXTargetDependency section */
		C9D1420B20BCEAC800E46D70 /* PBXTargetDependency */ = {
			isa = PBXTargetDependency;
			target = C9D141F420BCEAC600E46D70 /* 001-RxSwiftDemo */;
			targetProxy = C9D1420A20BCEAC800E46D70 /* PBXContainerItemProxy */;
		};
		C9D1421620BCEAC800E46D70 /* PBXTargetDependency */ = {
			isa = PBXTargetDependency;
			target = C9D141F420BCEAC600E46D70 /* 001-RxSwiftDemo */;
			targetProxy = C9D1421520BCEAC800E46D70 /* PBXContainerItemProxy */;
		};
/* End PBXTargetDependency section */

/* Begin PBXVariantGroup section */
		C9D141FC20BCEAC600E46D70 /* Main.storyboard */ = {
			isa = PBXVariantGroup;
			children = (
				C9D141FD20BCEAC600E46D70 /* Base */,
			);
			name = Main.storyboard;
			sourceTree = "<group>";
		};
		C9D1420120BCEAC800E46D70 /* LaunchScreen.storyboard */ = {
			isa = PBXVariantGroup;
			children = (
				C9D1420220BCEAC800E46D70 /* Base */,
			);
			name = LaunchScreen.storyboard;
			sourceTree = "<group>";
		};
/* End PBXVariantGroup section */

/* Begin XCBuildConfiguration section */
		C9D1421B20BCEAC800E46D70 /* Debug */ = {
			isa = XCBuildConfiguration;
			buildSettings = {
				ALWAYS_SEARCH_USER_PATHS = NO;
				CLANG_ANALYZER_NONNULL = YES;
				CLANG_ANALYZER_NUMBER_OBJECT_CONVERSION = YES_AGGRESSIVE;
				CLANG_CXX_LANGUAGE_STANDARD = "gnu++14";
				CLANG_CXX_LIBRARY = "libc++";
				CLANG_ENABLE_MODULES = YES;
				CLANG_ENABLE_OBJC_ARC = YES;
				CLANG_ENABLE_OBJC_WEAK = YES;
				CLANG_WARN_BLOCK_CAPTURE_AUTORELEASING = YES;
				CLANG_WARN_BOOL_CONVERSION = YES;
				CLANG_WARN_COMMA = YES;
				CLANG_WARN_CONSTANT_CONVERSION = YES;
				CLANG_WARN_DEPRECATED_OBJC_IMPLEMENTATIONS = YES;
				CLANG_WARN_DIRECT_OBJC_ISA_USAGE = YES_ERROR;
				CLANG_WARN_DOCUMENTATION_COMMENTS = YES;
				CLANG_WARN_EMPTY_BODY = YES;
				CLANG_WARN_ENUM_CONVERSION = YES;
				CLANG_WARN_INFINITE_RECURSION = YES;
				CLANG_WARN_INT_CONVERSION = YES;
				CLANG_WARN_NON_LITERAL_NULL_CONVERSION = YES;
				CLANG_WARN_OBJC_IMPLICIT_RETAIN_SELF = YES;
				CLANG_WARN_OBJC_LITERAL_CONVERSION = YES;
				CLANG_WARN_OBJC_ROOT_CLASS = YES_ERROR;
				CLANG_WARN_RANGE_LOOP_ANALYSIS = YES;
				CLANG_WARN_STRICT_PROTOTYPES = YES;
				CLANG_WARN_SUSPICIOUS_MOVE = YES;
				CLANG_WARN_UNGUARDED_AVAILABILITY = YES_AGGRESSIVE;
				CLANG_WARN_UNREACHABLE_CODE = YES;
				CLANG_WARN__DUPLICATE_METHOD_MATCH = YES;
				CODE_SIGN_IDENTITY = "iPhone Developer";
				COPY_PHASE_STRIP = NO;
				DEBUG_INFORMATION_FORMAT = dwarf;
				ENABLE_STRICT_OBJC_MSGSEND = YES;
				ENABLE_TESTABILITY = YES;
				GCC_C_LANGUAGE_STANDARD = gnu11;
				GCC_DYNAMIC_NO_PIC = NO;
				GCC_NO_COMMON_BLOCKS = YES;
				GCC_OPTIMIZATION_LEVEL = 0;
				GCC_PREPROCESSOR_DEFINITIONS = (
					"DEBUG=1",
					"$(inherited)",
				);
				GCC_WARN_64_TO_32_BIT_CONVERSION = YES;
				GCC_WARN_ABOUT_RETURN_TYPE = YES_ERROR;
				GCC_WARN_UNDECLARED_SELECTOR = YES;
				GCC_WARN_UNINITIALIZED_AUTOS = YES_AGGRESSIVE;
				GCC_WARN_UNUSED_FUNCTION = YES;
				GCC_WARN_UNUSED_VARIABLE = YES;
				IPHONEOS_DEPLOYMENT_TARGET = 11.3;
				MTL_ENABLE_DEBUG_INFO = YES;
				ONLY_ACTIVE_ARCH = YES;
				SDKROOT = iphoneos;
				SWIFT_ACTIVE_COMPILATION_CONDITIONS = DEBUG;
				SWIFT_OPTIMIZATION_LEVEL = "-Onone";
			};
			name = Debug;
		};
		C9D1421C20BCEAC800E46D70 /* Release */ = {
			isa = XCBuildConfiguration;
			buildSettings = {
				ALWAYS_SEARCH_USER_PATHS = NO;
				CLANG_ANALYZER_NONNULL = YES;
				CLANG_ANALYZER_NUMBER_OBJECT_CONVERSION = YES_AGGRESSIVE;
				CLANG_CXX_LANGUAGE_STANDARD = "gnu++14";
				CLANG_CXX_LIBRARY = "libc++";
				CLANG_ENABLE_MODULES = YES;
				CLANG_ENABLE_OBJC_ARC = YES;
				CLANG_ENABLE_OBJC_WEAK = YES;
				CLANG_WARN_BLOCK_CAPTURE_AUTORELEASING = YES;
				CLANG_WARN_BOOL_CONVERSION = YES;
				CLANG_WARN_COMMA = YES;
				CLANG_WARN_CONSTANT_CONVERSION = YES;
				CLANG_WARN_DEPRECATED_OBJC_IMPLEMENTATIONS = YES;
				CLANG_WARN_DIRECT_OBJC_ISA_USAGE = YES_ERROR;
				CLANG_WARN_DOCUMENTATION_COMMENTS = YES;
				CLANG_WARN_EMPTY_BODY = YES;
				CLANG_WARN_ENUM_CONVERSION = YES;
				CLANG_WARN_INFINITE_RECURSION = YES;
				CLANG_WARN_INT_CONVERSION = YES;
				CLANG_WARN_NON_LITERAL_NULL_CONVERSION = YES;
				CLANG_WARN_OBJC_IMPLICIT_RETAIN_SELF = YES;
				CLANG_WARN_OBJC_LITERAL_CONVERSION = YES;
				CLANG_WARN_OBJC_ROOT_CLASS = YES_ERROR;
				CLANG_WARN_RANGE_LOOP_ANALYSIS = YES;
				CLANG_WARN_STRICT_PROTOTYPES = YES;
				CLANG_WARN_SUSPICIOUS_MOVE = YES;
				CLANG_WARN_UNGUARDED_AVAILABILITY = YES_AGGRESSIVE;
				CLANG_WARN_UNREACHABLE_CODE = YES;
				CLANG_WARN__DUPLICATE_METHOD_MATCH = YES;
				CODE_SIGN_IDENTITY = "iPhone Developer";
				COPY_PHASE_STRIP = NO;
				DEBUG_INFORMATION_FORMAT = "dwarf-with-dsym";
				ENABLE_NS_ASSERTIONS = NO;
				ENABLE_STRICT_OBJC_MSGSEND = YES;
				GCC_C_LANGUAGE_STANDARD = gnu11;
				GCC_NO_COMMON_BLOCKS = YES;
				GCC_WARN_64_TO_32_BIT_CONVERSION = YES;
				GCC_WARN_ABOUT_RETURN_TYPE = YES_ERROR;
				GCC_WARN_UNDECLARED_SELECTOR = YES;
				GCC_WARN_UNINITIALIZED_AUTOS = YES_AGGRESSIVE;
				GCC_WARN_UNUSED_FUNCTION = YES;
				GCC_WARN_UNUSED_VARIABLE = YES;
				IPHONEOS_DEPLOYMENT_TARGET = 11.3;
				MTL_ENABLE_DEBUG_INFO = NO;
				SDKROOT = iphoneos;
				SWIFT_COMPILATION_MODE = wholemodule;
				SWIFT_OPTIMIZATION_LEVEL = "-O";
				VALIDATE_PRODUCT = YES;
			};
			name = Release;
		};
		C9D1421E20BCEAC800E46D70 /* Debug */ = {
			isa = XCBuildConfiguration;
			baseConfigurationReference = D629FE02456FDA0904A942BE /* Pods-001-RxSwiftDemo.debug.xcconfig */;
			buildSettings = {
				ASSETCATALOG_COMPILER_APPICON_NAME = AppIcon;
				CODE_SIGN_STYLE = Automatic;
				INFOPLIST_FILE = "001-RxSwiftDemo/Info.plist";
				LD_RUNPATH_SEARCH_PATHS = (
					"$(inherited)",
					"@executable_path/Frameworks",
				);
				PRODUCT_BUNDLE_IDENTIFIER = "com.syj.-01-RxSwiftDemo";
				PRODUCT_NAME = "$(TARGET_NAME)";
				SWIFT_VERSION = 4.0;
				TARGETED_DEVICE_FAMILY = "1,2";
			};
			name = Debug;
		};
		C9D1421F20BCEAC800E46D70 /* Release */ = {
			isa = XCBuildConfiguration;
			baseConfigurationReference = DFE9702AE81D1E85B4E46E39 /* Pods-001-RxSwiftDemo.release.xcconfig */;
			buildSettings = {
				ASSETCATALOG_COMPILER_APPICON_NAME = AppIcon;
				CODE_SIGN_STYLE = Automatic;
				INFOPLIST_FILE = "001-RxSwiftDemo/Info.plist";
				LD_RUNPATH_SEARCH_PATHS = (
					"$(inherited)",
					"@executable_path/Frameworks",
				);
				PRODUCT_BUNDLE_IDENTIFIER = "com.syj.-01-RxSwiftDemo";
				PRODUCT_NAME = "$(TARGET_NAME)";
				SWIFT_VERSION = 4.0;
				TARGETED_DEVICE_FAMILY = "1,2";
			};
			name = Release;
		};
		C9D1422120BCEAC800E46D70 /* Debug */ = {
			isa = XCBuildConfiguration;
			buildSettings = {
				ALWAYS_EMBED_SWIFT_STANDARD_LIBRARIES = YES;
				BUNDLE_LOADER = "$(TEST_HOST)";
				CODE_SIGN_STYLE = Automatic;
				INFOPLIST_FILE = "001-RxSwiftDemoTests/Info.plist";
				LD_RUNPATH_SEARCH_PATHS = (
					"$(inherited)",
					"@executable_path/Frameworks",
					"@loader_path/Frameworks",
				);
				PRODUCT_BUNDLE_IDENTIFIER = "com.syj.-01-RxSwiftDemoTests";
				PRODUCT_NAME = "$(TARGET_NAME)";
				SWIFT_VERSION = 4.0;
				TARGETED_DEVICE_FAMILY = "1,2";
				TEST_HOST = "$(BUILT_PRODUCTS_DIR)/001-RxSwiftDemo.app/001-RxSwiftDemo";
			};
			name = Debug;
		};
		C9D1422220BCEAC800E46D70 /* Release */ = {
			isa = XCBuildConfiguration;
			buildSettings = {
				ALWAYS_EMBED_SWIFT_STANDARD_LIBRARIES = YES;
				BUNDLE_LOADER = "$(TEST_HOST)";
				CODE_SIGN_STYLE = Automatic;
				INFOPLIST_FILE = "001-RxSwiftDemoTests/Info.plist";
				LD_RUNPATH_SEARCH_PATHS = (
					"$(inherited)",
					"@executable_path/Frameworks",
					"@loader_path/Frameworks",
				);
				PRODUCT_BUNDLE_IDENTIFIER = "com.syj.-01-RxSwiftDemoTests";
				PRODUCT_NAME = "$(TARGET_NAME)";
				SWIFT_VERSION = 4.0;
				TARGETED_DEVICE_FAMILY = "1,2";
				TEST_HOST = "$(BUILT_PRODUCTS_DIR)/001-RxSwiftDemo.app/001-RxSwiftDemo";
			};
			name = Release;
		};
		C9D1422420BCEAC800E46D70 /* Debug */ = {
			isa = XCBuildConfiguration;
			buildSettings = {
				ALWAYS_EMBED_SWIFT_STANDARD_LIBRARIES = YES;
				CODE_SIGN_STYLE = Automatic;
				INFOPLIST_FILE = "001-RxSwiftDemoUITests/Info.plist";
				LD_RUNPATH_SEARCH_PATHS = (
					"$(inherited)",
					"@executable_path/Frameworks",
					"@loader_path/Frameworks",
				);
				PRODUCT_BUNDLE_IDENTIFIER = "com.syj.-01-RxSwiftDemoUITests";
				PRODUCT_NAME = "$(TARGET_NAME)";
				SWIFT_VERSION = 4.0;
				TARGETED_DEVICE_FAMILY = "1,2";
				TEST_TARGET_NAME = "001-RxSwiftDemo";
			};
			name = Debug;
		};
		C9D1422520BCEAC800E46D70 /* Release */ = {
			isa = XCBuildConfiguration;
			buildSettings = {
				ALWAYS_EMBED_SWIFT_STANDARD_LIBRARIES = YES;
				CODE_SIGN_STYLE = Automatic;
				INFOPLIST_FILE = "001-RxSwiftDemoUITests/Info.plist";
				LD_RUNPATH_SEARCH_PATHS = (
					"$(inherited)",
					"@executable_path/Frameworks",
					"@loader_path/Frameworks",
				);
				PRODUCT_BUNDLE_IDENTIFIER = "com.syj.-01-RxSwiftDemoUITests";
				PRODUCT_NAME = "$(TARGET_NAME)";
				SWIFT_VERSION = 4.0;
				TARGETED_DEVICE_FAMILY = "1,2";
				TEST_TARGET_NAME = "001-RxSwiftDemo";
			};
			name = Release;
		};
/* End XCBuildConfiguration section */

/* Begin XCConfigurationList section */
		C9D141F020BCEAC500E46D70 /* Build configuration list for PBXProject "001-RxSwiftDemo" */ = {
			isa = XCConfigurationList;
			buildConfigurations = (
				C9D1421B20BCEAC800E46D70 /* Debug */,
				C9D1421C20BCEAC800E46D70 /* Release */,
			);
			defaultConfigurationIsVisible = 0;
			defaultConfigurationName = Release;
		};
		C9D1421D20BCEAC800E46D70 /* Build configuration list for PBXNativeTarget "001-RxSwiftDemo" */ = {
			isa = XCConfigurationList;
			buildConfigurations = (
				C9D1421E20BCEAC800E46D70 /* Debug */,
				C9D1421F20BCEAC800E46D70 /* Release */,
			);
			defaultConfigurationIsVisible = 0;
			defaultConfigurationName = Release;
		};
		C9D1422020BCEAC800E46D70 /* Build configuration list for PBXNativeTarget "001-RxSwiftDemoTests" */ = {
			isa = XCConfigurationList;
			buildConfigurations = (
				C9D1422120BCEAC800E46D70 /* Debug */,
				C9D1422220BCEAC800E46D70 /* Release */,
			);
			defaultConfigurationIsVisible = 0;
			defaultConfigurationName = Release;
		};
		C9D1422320BCEAC800E46D70 /* Build configuration list for PBXNativeTarget "001-RxSwiftDemoUITests" */ = {
			isa = XCConfigurationList;
			buildConfigurations = (
				C9D1422420BCEAC800E46D70 /* Debug */,
				C9D1422520BCEAC800E46D70 /* Release */,
			);
			defaultConfigurationIsVisible = 0;
			defaultConfigurationName = Release;
		};
/* End XCConfigurationList section */
	};
	rootObject = C9D141ED20BCEAC500E46D70 /* Project object */;
}
