// !$*UTF8*$!
{
	archiveVersion = 1;
	classes = {
	};
	objectVersion = 50;
	objects = {

/* Begin PBXBuildFile section */
		AFBF552B5EF471A143945FB1 /* Pods_boxue01_Demo.framework in Frameworks */ = {isa = PBXBuildFile; fileRef = B21DEB597553252D24717BBA /* Pods_boxue01_Demo.framework */; };
		C9D1423720BCF58C00E46D70 /* AppDelegate.swift in Sources */ = {isa = PBXBuildFile; fileRef = C9D1423620BCF58C00E46D70 /* AppDelegate.swift */; };
		C9D1423920BCF58C00E46D70 /* ViewController.swift in Sources */ = {isa = PBXBuildFile; fileRef = C9D1423820BCF58C00E46D70 /* ViewController.swift */; };
		C9D1423C20BCF58C00E46D70 /* Main.storyboard in Resources */ = {isa = PBXBuildFile; fileRef = C9D1423A20BCF58C00E46D70 /* Main.storyboard */; };
		C9D1423E20BCF58E00E46D70 /* Assets.xcassets in Resources */ = {isa = PBXBuildFile; fileRef = C9D1423D20BCF58E00E46D70 /* Assets.xcassets */; };
		C9D1424120BCF58E00E46D70 /* LaunchScreen.storyboard in Resources */ = {isa = PBXBuildFile; fileRef = C9D1423F20BCF58E00E46D70 /* LaunchScreen.storyboard */; };
		C9D1424C20BCF58E00E46D70 /* boxue01_DemoTests.swift in Sources */ = {isa = PBXBuildFile; fileRef = C9D1424B20BCF58E00E46D70 /* boxue01_DemoTests.swift */; };
		C9D1425720BCF58E00E46D70 /* boxue01_DemoUITests.swift in Sources */ = {isa = PBXBuildFile; fileRef = C9D1425620BCF58E00E46D70 /* boxue01_DemoUITests.swift */; };
/* End PBXBuildFile section */

/* Begin PBXContainerItemProxy section */
		C9D1424820BCF58E00E46D70 /* PBXContainerItemProxy */ = {
			isa = PBXContainerItemProxy;
			containerPortal = C9D1422B20BCF58C00E46D70 /* Project object */;
			proxyType = 1;
			remoteGlobalIDString = C9D1423220BCF58C00E46D70;
			remoteInfo = "boxue01-Demo";
		};
		C9D1425320BCF58E00E46D70 /* PBXContainerItemProxy */ = {
			isa = PBXContainerItemProxy;
			containerPortal = C9D1422B20BCF58C00E46D70 /* Project object */;
			proxyType = 1;
			remoteGlobalIDString = C9D1423220BCF58C00E46D70;
			remoteInfo = "boxue01-Demo";
		};
/* End PBXContainerItemProxy section */

/* Begin PBXFileReference section */
		0CC354943A2B253F9AEAF1F3 /* Pods-boxue01-Demo.debug.xcconfig */ = {isa = PBXFileReference; includeInIndex = 1; lastKnownFileType = text.xcconfig; name = "Pods-boxue01-Demo.debug.xcconfig"; path = "Pods/Target Support Files/Pods-boxue01-Demo/Pods-boxue01-Demo.debug.xcconfig"; sourceTree = "<group>"; };
		AAA74EFDC72221ECA0137EA8 /* Pods-boxue01-Demo.release.xcconfig */ = {isa = PBXFileReference; includeInIndex = 1; lastKnownFileType = text.xcconfig; name = "Pods-boxue01-Demo.release.xcconfig"; path = "Pods/Target Support Files/Pods-boxue01-Demo/Pods-boxue01-Demo.release.xcconfig"; sourceTree = "<group>"; };
		B21DEB597553252D24717BBA /* Pods_boxue01_Demo.framework */ = {isa = PBXFileReference; explicitFileType = wrapper.framework; includeInIndex = 0; path = Pods_boxue01_Demo.framework; sourceTree = BUILT_PRODUCTS_DIR; };
		C9D1423320BCF58C00E46D70 /* boxue01-Demo.app */ = {isa = PBXFileReference; explicitFileType = wrapper.application; includeInIndex = 0; path = "boxue01-Demo.app"; sourceTree = BUILT_PRODUCTS_DIR; };
		C9D1423620BCF58C00E46D70 /* AppDelegate.swift */ = {isa = PBXFileReference; lastKnownFileType = sourcecode.swift; path = AppDelegate.swift; sourceTree = "<group>"; };
		C9D1423820BCF58C00E46D70 /* ViewController.swift */ = {isa = PBXFileReference; lastKnownFileType = sourcecode.swift; path = ViewController.swift; sourceTree = "<group>"; };
		C9D1423B20BCF58C00E46D70 /* Base */ = {isa = PBXFileReference; lastKnownFileType = file.storyboard; name = Base; path = Base.lproj/Main.storyboard; sourceTree = "<group>"; };
		C9D1423D20BCF58E00E46D70 /* Assets.xcassets */ = {isa = PBXFileReference; lastKnownFileType = folder.assetcatalog; path = Assets.xcassets; sourceTree = "<group>"; };
		C9D1424020BCF58E00E46D70 /* Base */ = {isa = PBXFileReference; lastKnownFileType = file.storyboard; name = Base; path = Base.lproj/LaunchScreen.storyboard; sourceTree = "<group>"; };
		C9D1424220BCF58E00E46D70 /* Info.plist */ = {isa = PBXFileReference; lastKnownFileType = text.plist.xml; path = Info.plist; sourceTree = "<group>"; };
		C9D1424720BCF58E00E46D70 /* boxue01-DemoTests.xctest */ = {isa = PBXFileReference; explicitFileType = wrapper.cfbundle; includeInIndex = 0; path = "boxue01-DemoTests.xctest"; sourceTree = BUILT_PRODUCTS_DIR; };
		C9D1424B20BCF58E00E46D70 /* boxue01_DemoTests.swift */ = {isa = PBXFileReference; lastKnownFileType = sourcecode.swift; path = boxue01_DemoTests.swift; sourceTree = "<group>"; };
		C9D1424D20BCF58E00E46D70 /* Info.plist */ = {isa = PBXFileReference; lastKnownFileType = text.plist.xml; path = Info.plist; sourceTree = "<group>"; };
		C9D1425220BCF58E00E46D70 /* boxue01-DemoUITests.xctest */ = {isa = PBXFileReference; explicitFileType = wrapper.cfbundle; includeInIndex = 0; path = "boxue01-DemoUITests.xctest"; sourceTree = BUILT_PRODUCTS_DIR; };
		C9D1425620BCF58E00E46D70 /* boxue01_DemoUITests.swift */ = {isa = PBXFileReference; lastKnownFileType = sourcecode.swift; path = boxue01_DemoUITests.swift; sourceTree = "<group>"; };
		C9D1425820BCF58E00E46D70 /* Info.plist */ = {isa = PBXFileReference; lastKnownFileType = text.plist.xml; path = Info.plist; sourceTree = "<group>"; };
/* End PBXFileReference section */

/* Begin PBXFrameworksBuildPhase section */
		C9D1423020BCF58C00E46D70 /* Frameworks */ = {
			isa = PBXFrameworksBuildPhase;
			buildActionMask = 2147483647;
			files = (
				AFBF552B5EF471A143945FB1 /* Pods_boxue01_Demo.framework in Frameworks */,
			);
			runOnlyForDeploymentPostprocessing = 0;
		};
		C9D1424420BCF58E00E46D70 /* Frameworks */ = {
			isa = PBXFrameworksBuildPhase;
			buildActionMask = 2147483647;
			files = (
			);
			runOnlyForDeploymentPostprocessing = 0;
		};
		C9D1424F20BCF58E00E46D70 /* Frameworks */ = {
			isa = PBXFrameworksBuildPhase;
			buildActionMask = 2147483647;
			files = (
			);
			runOnlyForDeploymentPostprocessing = 0;
		};
/* End PBXFrameworksBuildPhase section */

/* Begin PBXGroup section */
		35BD683875E5A4BCD7F2B0CD /* Frameworks */ = {
			isa = PBXGroup;
			children = (
				B21DEB597553252D24717BBA /* Pods_boxue01_Demo.framework */,
			);
			name = Frameworks;
			sourceTree = "<group>";
		};
		A8D8511785DB470EDA47B6FC /* Pods */ = {
			isa = PBXGroup;
			children = (
				0CC354943A2B253F9AEAF1F3 /* Pods-boxue01-Demo.debug.xcconfig */,
				AAA74EFDC72221ECA0137EA8 /* Pods-boxue01-Demo.release.xcconfig */,
			);
			name = Pods;
			sourceTree = "<group>";
		};
		C9D1422A20BCF58C00E46D70 = {
			isa = PBXGroup;
			children = (
				C9D1423520BCF58C00E46D70 /* boxue01-Demo */,
				C9D1424A20BCF58E00E46D70 /* boxue01-DemoTests */,
				C9D1425520BCF58E00E46D70 /* boxue01-DemoUITests */,
				C9D1423420BCF58C00E46D70 /* Products */,
				A8D8511785DB470EDA47B6FC /* Pods */,
				35BD683875E5A4BCD7F2B0CD /* Frameworks */,
			);
			sourceTree = "<group>";
		};
		C9D1423420BCF58C00E46D70 /* Products */ = {
			isa = PBXGroup;
			children = (
				C9D1423320BCF58C00E46D70 /* boxue01-Demo.app */,
				C9D1424720BCF58E00E46D70 /* boxue01-DemoTests.xctest */,
				C9D1425220BCF58E00E46D70 /* boxue01-DemoUITests.xctest */,
			);
			name = Products;
			sourceTree = "<group>";
		};
		C9D1423520BCF58C00E46D70 /* boxue01-Demo */ = {
			isa = PBXGroup;
			children = (
				C9D1423620BCF58C00E46D70 /* AppDelegate.swift */,
				C9D1423820BCF58C00E46D70 /* ViewController.swift */,
				C9D1423A20BCF58C00E46D70 /* Main.storyboard */,
				C9D1423D20BCF58E00E46D70 /* Assets.xcassets */,
				C9D1423F20BCF58E00E46D70 /* LaunchScreen.storyboard */,
				C9D1424220BCF58E00E46D70 /* Info.plist */,
			);
			path = "boxue01-Demo";
			sourceTree = "<group>";
		};
		C9D1424A20BCF58E00E46D70 /* boxue01-DemoTests */ = {
			isa = PBXGroup;
			children = (
				C9D1424B20BCF58E00E46D70 /* boxue01_DemoTests.swift */,
				C9D1424D20BCF58E00E46D70 /* Info.plist */,
			);
			path = "boxue01-DemoTests";
			sourceTree = "<group>";
		};
		C9D1425520BCF58E00E46D70 /* boxue01-DemoUITests */ = {
			isa = PBXGroup;
			children = (
				C9D1425620BCF58E00E46D70 /* boxue01_DemoUITests.swift */,
				C9D1425820BCF58E00E46D70 /* Info.plist */,
			);
			path = "boxue01-DemoUITests";
			sourceTree = "<group>";
		};
/* End PBXGroup section */

/* Begin PBXNativeTarget section */
		C9D1423220BCF58C00E46D70 /* boxue01-Demo */ = {
			isa = PBXNativeTarget;
			buildConfigurationList = C9D1425B20BCF58E00E46D70 /* Build configuration list for PBXNativeTarget "boxue01-Demo" */;
			buildPhases = (
				D1B8E030264D65731F21DB43 /* [CP] Check Pods Manifest.lock */,
				C9D1422F20BCF58C00E46D70 /* Sources */,
				C9D1423020BCF58C00E46D70 /* Frameworks */,
				C9D1423120BCF58C00E46D70 /* Resources */,
				36C22DAFD0CC3239FC6B0FE3 /* [CP] Embed Pods Frameworks */,
			);
			buildRules = (
			);
			dependencies = (
			);
			name = "boxue01-Demo";
			productName = "boxue01-Demo";
			productReference = C9D1423320BCF58C00E46D70 /* boxue01-Demo.app */;
			productType = "com.apple.product-type.application";
		};
		C9D1424620BCF58E00E46D70 /* boxue01-DemoTests */ = {
			isa = PBXNativeTarget;
			buildConfigurationList = C9D1425E20BCF58E00E46D70 /* Build configuration list for PBXNativeTarget "boxue01-DemoTests" */;
			buildPhases = (
				C9D1424320BCF58E00E46D70 /* Sources */,
				C9D1424420BCF58E00E46D70 /* Frameworks */,
				C9D1424520BCF58E00E46D70 /* Resources */,
			);
			buildRules = (
			);
			dependencies = (
				C9D1424920BCF58E00E46D70 /* PBXTargetDependency */,
			);
			name = "boxue01-DemoTests";
			productName = "boxue01-DemoTests";
			productReference = C9D1424720BCF58E00E46D70 /* boxue01-DemoTests.xctest */;
			productType = "com.apple.product-type.bundle.unit-test";
		};
		C9D1425120BCF58E00E46D70 /* boxue01-DemoUITests */ = {
			isa = PBXNativeTarget;
			buildConfigurationList = C9D1426120BCF58E00E46D70 /* Build configuration list for PBXNativeTarget "boxue01-DemoUITests" */;
			buildPhases = (
				C9D1424E20BCF58E00E46D70 /* Sources */,
				C9D1424F20BCF58E00E46D70 /* Frameworks */,
				C9D1425020BCF58E00E46D70 /* Resources */,
			);
			buildRules = (
			);
			dependencies = (
				C9D1425420BCF58E00E46D70 /* PBXTargetDependency */,
			);
			name = "boxue01-DemoUITests";
			productName = "boxue01-DemoUITests";
			productReference = C9D1425220BCF58E00E46D70 /* boxue01-DemoUITests.xctest */;
			productType = "com.apple.product-type.bundle.ui-testing";
		};
/* End PBXNativeTarget section */

/* Begin PBXProject section */
		C9D1422B20BCF58C00E46D70 /* Project object */ = {
			isa = PBXProject;
			attributes = {
				LastSwiftUpdateCheck = 0930;
				LastUpgradeCheck = 0930;
				ORGANIZATIONNAME = SYJ;
				TargetAttributes = {
					C9D1423220BCF58C00E46D70 = {
						CreatedOnToolsVersion = 9.3;
					};
					C9D1424620BCF58E00E46D70 = {
						CreatedOnToolsVersion = 9.3;
						TestTargetID = C9D1423220BCF58C00E46D70;
					};
					C9D1425120BCF58E00E46D70 = {
						CreatedOnToolsVersion = 9.3;
						TestTargetID = C9D1423220BCF58C00E46D70;
					};
				};
			};
			buildConfigurationList = C9D1422E20BCF58C00E46D70 /* Build configuration list for PBXProject "boxue01-Demo" */;
			compatibilityVersion = "Xcode 9.3";
			developmentRegion = en;
			hasScannedForEncodings = 0;
			knownRegions = (
				en,
				Base,
			);
			mainGroup = C9D1422A20BCF58C00E46D70;
			productRefGroup = C9D1423420BCF58C00E46D70 /* Products */;
			projectDirPath = "";
			projectRoot = "";
			targets = (
				C9D1423220BCF58C00E46D70 /* boxue01-Demo */,
				C9D1424620BCF58E00E46D70 /* boxue01-DemoTests */,
				C9D1425120BCF58E00E46D70 /* boxue01-DemoUITests */,
			);
		};
/* End PBXProject section */

/* Begin PBXResourcesBuildPhase section */
		C9D1423120BCF58C00E46D70 /* Resources */ = {
			isa = PBXResourcesBuildPhase;
			buildActionMask = 2147483647;
			files = (
				C9D1424120BCF58E00E46D70 /* LaunchScreen.storyboard in Resources */,
				C9D1423E20BCF58E00E46D70 /* Assets.xcassets in Resources */,
				C9D1423C20BCF58C00E46D70 /* Main.storyboard in Resources */,
			);
			runOnlyForDeploymentPostprocessing = 0;
		};
		C9D1424520BCF58E00E46D70 /* Resources */ = {
			isa = PBXResourcesBuildPhase;
			buildActionMask = 2147483647;
			files = (
			);
			runOnlyForDeploymentPostprocessing = 0;
		};
		C9D1425020BCF58E00E46D70 /* Resources */ = {
			isa = PBXResourcesBuildPhase;
			buildActionMask = 2147483647;
			files = (
			);
			runOnlyForDeploymentPostprocessing = 0;
		};
/* End PBXResourcesBuildPhase section */

/* Begin PBXShellScriptBuildPhase section */
		36C22DAFD0CC3239FC6B0FE3 /* [CP] Embed Pods Frameworks */ = {
			isa = PBXShellScriptBuildPhase;
			buildActionMask = 2147483647;
			files = (
			);
			inputPaths = (
				"${SRCROOT}/Pods/Target Support Files/Pods-boxue01-Demo/Pods-boxue01-Demo-frameworks.sh",
				"${BUILT_PRODUCTS_DIR}/RxCocoa/RxCocoa.framework",
				"${BUILT_PRODUCTS_DIR}/RxSwift/RxSwift.framework",
			);
			name = "[CP] Embed Pods Frameworks";
			outputPaths = (
				"${TARGET_BUILD_DIR}/${FRAMEWORKS_FOLDER_PATH}/RxCocoa.framework",
				"${TARGET_BUILD_DIR}/${FRAMEWORKS_FOLDER_PATH}/RxSwift.framework",
			);
			runOnlyForDeploymentPostprocessing = 0;
			shellPath = /bin/sh;
			shellScript = "\"${SRCROOT}/Pods/Target Support Files/Pods-boxue01-Demo/Pods-boxue01-Demo-frameworks.sh\"\n";
			showEnvVarsInLog = 0;
		};
		D1B8E030264D65731F21DB43 /* [CP] Check Pods Manifest.lock */ = {
			isa = PBXShellScriptBuildPhase;
			buildActionMask = 2147483647;
			files = (
			);
			inputPaths = (
				"${PODS_PODFILE_DIR_PATH}/Podfile.lock",
				"${PODS_ROOT}/Manifest.lock",
			);
			name = "[CP] Check Pods Manifest.lock";
			outputPaths = (
				"$(DERIVED_FILE_DIR)/Pods-boxue01-Demo-checkManifestLockResult.txt",
			);
			runOnlyForDeploymentPostprocessing = 0;
			shellPath = /bin/sh;
			shellScript = "diff \"${PODS_PODFILE_DIR_PATH}/Podfile.lock\" \"${PODS_ROOT}/Manifest.lock\" > /dev/null\nif [ $? != 0 ] ; then\n    # print error to STDERR\n    echo \"error: The sandbox is not in sync with the Podfile.lock. Run 'pod install' or update your CocoaPods installation.\" >&2\n    exit 1\nfi\n# This output is used by Xcode 'outputs' to avoid re-running this script phase.\necho \"SUCCESS\" > \"${SCRIPT_OUTPUT_FILE_0}\"\n";
			showEnvVarsInLog = 0;
		};
/* End PBXShellScriptBuildPhase section */

/* Begin PBXSourcesBuildPhase section */
		C9D1422F20BCF58C00E46D70 /* Sources */ = {
			isa = PBXSourcesBuildPhase;
			buildActionMask = 2147483647;
			files = (
				C9D1423920BCF58C00E46D70 /* ViewController.swift in Sources */,
				C9D1423720BCF58C00E46D70 /* AppDelegate.swift in Sources */,
			);
			runOnlyForDeploymentPostprocessing = 0;
		};
		C9D1424320BCF58E00E46D70 /* Sources */ = {
			isa = PBXSourcesBuildPhase;
			buildActionMask = 2147483647;
			files = (
				C9D1424C20BCF58E00E46D70 /* boxue01_DemoTests.swift in Sources */,
			);
			runOnlyForDeploymentPostprocessing = 0;
		};
		C9D1424E20BCF58E00E46D70 /* Sources */ = {
			isa = PBXSourcesBuildPhase;
			buildActionMask = 2147483647;
			files = (
				C9D1425720BCF58E00E46D70 /* boxue01_DemoUITests.swift in Sources */,
			);
			runOnlyForDeploymentPostprocessing = 0;
		};
/* End PBXSourcesBuildPhase section */

/* Begin PBXTargetDependency section */
		C9D1424920BCF58E00E46D70 /* PBXTargetDependency */ = {
			isa = PBXTargetDependency;
			target = C9D1423220BCF58C00E46D70 /* boxue01-Demo */;
			targetProxy = C9D1424820BCF58E00E46D70 /* PBXContainerItemProxy */;
		};
		C9D1425420BCF58E00E46D70 /* PBXTargetDependency */ = {
			isa = PBXTargetDependency;
			target = C9D1423220BCF58C00E46D70 /* boxue01-Demo */;
			targetProxy = C9D1425320BCF58E00E46D70 /* PBXContainerItemProxy */;
		};
/* End PBXTargetDependency section */

/* Begin PBXVariantGroup section */
		C9D1423A20BCF58C00E46D70 /* Main.storyboard */ = {
			isa = PBXVariantGroup;
			children = (
				C9D1423B20BCF58C00E46D70 /* Base */,
			);
			name = Main.storyboard;
			sourceTree = "<group>";
		};
		C9D1423F20BCF58E00E46D70 /* LaunchScreen.storyboard */ = {
			isa = PBXVariantGroup;
			children = (
				C9D1424020BCF58E00E46D70 /* Base */,
			);
			name = LaunchScreen.storyboard;
			sourceTree = "<group>";
		};
/* End PBXVariantGroup section */

/* Begin XCBuildConfiguration section */
		C9D1425920BCF58E00E46D70 /* Debug */ = {
			isa = XCBuildConfiguration;
			buildSettings = {
				ALWAYS_SEARCH_USER_PATHS = NO;
				CLANG_ANALYZER_NONNULL = YES;
				CLANG_ANALYZER_NUMBER_OBJECT_CONVERSION = YES_AGGRESSIVE;
				CLANG_CXX_LANGUAGE_STANDARD = "gnu++14";
				CLANG_CXX_LIBRARY = "libc++";
				CLANG_ENABLE_MODULES = YES;
				CLANG_ENABLE_OBJC_ARC = YES;
				CLANG_ENABLE_OBJC_WEAK = YES;
				CLANG_WARN_BLOCK_CAPTURE_AUTORELEASING = YES;
				CLANG_WARN_BOOL_CONVERSION = YES;
				CLANG_WARN_COMMA = YES;
				CLANG_WARN_CONSTANT_CONVERSION = YES;
				CLANG_WARN_DEPRECATED_OBJC_IMPLEMENTATIONS = YES;
				CLANG_WARN_DIRECT_OBJC_ISA_USAGE = YES_ERROR;
				CLANG_WARN_DOCUMENTATION_COMMENTS = YES;
				CLANG_WARN_EMPTY_BODY = YES;
				CLANG_WARN_ENUM_CONVERSION = YES;
				CLANG_WARN_INFINITE_RECURSION = YES;
				CLANG_WARN_INT_CONVERSION = YES;
				CLANG_WARN_NON_LITERAL_NULL_CONVERSION = YES;
				CLANG_WARN_OBJC_IMPLICIT_RETAIN_SELF = YES;
				CLANG_WARN_OBJC_LITERAL_CONVERSION = YES;
				CLANG_WARN_OBJC_ROOT_CLASS = YES_ERROR;
				CLANG_WARN_RANGE_LOOP_ANALYSIS = YES;
				CLANG_WARN_STRICT_PROTOTYPES = YES;
				CLANG_WARN_SUSPICIOUS_MOVE = YES;
				CLANG_WARN_UNGUARDED_AVAILABILITY = YES_AGGRESSIVE;
				CLANG_WARN_UNREACHABLE_CODE = YES;
				CLANG_WARN__DUPLICATE_METHOD_MATCH = YES;
				CODE_SIGN_IDENTITY = "iPhone Developer";
				COPY_PHASE_STRIP = NO;
				DEBUG_INFORMATION_FORMAT = dwarf;
				ENABLE_STRICT_OBJC_MSGSEND = YES;
				ENABLE_TESTABILITY = YES;
				GCC_C_LANGUAGE_STANDARD = gnu11;
				GCC_DYNAMIC_NO_PIC = NO;
				GCC_NO_COMMON_BLOCKS = YES;
				GCC_OPTIMIZATION_LEVEL = 0;
				GCC_PREPROCESSOR_DEFINITIONS = (
					"DEBUG=1",
					"$(inherited)",
				);
				GCC_WARN_64_TO_32_BIT_CONVERSION = YES;
				GCC_WARN_ABOUT_RETURN_TYPE = YES_ERROR;
				GCC_WARN_UNDECLARED_SELECTOR = YES;
				GCC_WARN_UNINITIALIZED_AUTOS = YES_AGGRESSIVE;
				GCC_WARN_UNUSED_FUNCTION = YES;
				GCC_WARN_UNUSED_VARIABLE = YES;
				IPHONEOS_DEPLOYMENT_TARGET = 11.3;
				MTL_ENABLE_DEBUG_INFO = YES;
				ONLY_ACTIVE_ARCH = YES;
				SDKROOT = iphoneos;
				SWIFT_ACTIVE_COMPILATION_CONDITIONS = DEBUG;
				SWIFT_OPTIMIZATION_LEVEL = "-Onone";
			};
			name = Debug;
		};
		C9D1425A20BCF58E00E46D70 /* Release */ = {
			isa = XCBuildConfiguration;
			buildSettings = {
				ALWAYS_SEARCH_USER_PATHS = NO;
				CLANG_ANALYZER_NONNULL = YES;
				CLANG_ANALYZER_NUMBER_OBJECT_CONVERSION = YES_AGGRESSIVE;
				CLANG_CXX_LANGUAGE_STANDARD = "gnu++14";
				CLANG_CXX_LIBRARY = "libc++";
				CLANG_ENABLE_MODULES = YES;
				CLANG_ENABLE_OBJC_ARC = YES;
				CLANG_ENABLE_OBJC_WEAK = YES;
				CLANG_WARN_BLOCK_CAPTURE_AUTORELEASING = YES;
				CLANG_WARN_BOOL_CONVERSION = YES;
				CLANG_WARN_COMMA = YES;
				CLANG_WARN_CONSTANT_CONVERSION = YES;
				CLANG_WARN_DEPRECATED_OBJC_IMPLEMENTATIONS = YES;
				CLANG_WARN_DIRECT_OBJC_ISA_USAGE = YES_ERROR;
				CLANG_WARN_DOCUMENTATION_COMMENTS = YES;
				CLANG_WARN_EMPTY_BODY = YES;
				CLANG_WARN_ENUM_CONVERSION = YES;
				CLANG_WARN_INFINITE_RECURSION = YES;
				CLANG_WARN_INT_CONVERSION = YES;
				CLANG_WARN_NON_LITERAL_NULL_CONVERSION = YES;
				CLANG_WARN_OBJC_IMPLICIT_RETAIN_SELF = YES;
				CLANG_WARN_OBJC_LITERAL_CONVERSION = YES;
				CLANG_WARN_OBJC_ROOT_CLASS = YES_ERROR;
				CLANG_WARN_RANGE_LOOP_ANALYSIS = YES;
				CLANG_WARN_STRICT_PROTOTYPES = YES;
				CLANG_WARN_SUSPICIOUS_MOVE = YES;
				CLANG_WARN_UNGUARDED_AVAILABILITY = YES_AGGRESSIVE;
				CLANG_WARN_UNREACHABLE_CODE = YES;
				CLANG_WARN__DUPLICATE_METHOD_MATCH = YES;
				CODE_SIGN_IDENTITY = "iPhone Developer";
				COPY_PHASE_STRIP = NO;
				DEBUG_INFORMATION_FORMAT = "dwarf-with-dsym";
				ENABLE_NS_ASSERTIONS = NO;
				ENABLE_STRICT_OBJC_MSGSEND = YES;
				GCC_C_LANGUAGE_STANDARD = gnu11;
				GCC_NO_COMMON_BLOCKS = YES;
				GCC_WARN_64_TO_32_BIT_CONVERSION = YES;
				GCC_WARN_ABOUT_RETURN_TYPE = YES_ERROR;
				GCC_WARN_UNDECLARED_SELECTOR = YES;
				GCC_WARN_UNINITIALIZED_AUTOS = YES_AGGRESSIVE;
				GCC_WARN_UNUSED_FUNCTION = YES;
				GCC_WARN_UNUSED_VARIABLE = YES;
				IPHONEOS_DEPLOYMENT_TARGET = 11.3;
				MTL_ENABLE_DEBUG_INFO = NO;
				SDKROOT = iphoneos;
				SWIFT_COMPILATION_MODE = wholemodule;
				SWIFT_OPTIMIZATION_LEVEL = "-O";
				VALIDATE_PRODUCT = YES;
			};
			name = Release;
		};
		C9D1425C20BCF58E00E46D70 /* Debug */ = {
			isa = XCBuildConfiguration;
			baseConfigurationReference = 0CC354943A2B253F9AEAF1F3 /* Pods-boxue01-Demo.debug.xcconfig */;
			buildSettings = {
				ASSETCATALOG_COMPILER_APPICON_NAME = AppIcon;
				CODE_SIGN_STYLE = Automatic;
				INFOPLIST_FILE = "boxue01-Demo/Info.plist";
				LD_RUNPATH_SEARCH_PATHS = (
					"$(inherited)",
					"@executable_path/Frameworks",
				);
				PRODUCT_BUNDLE_IDENTIFIER = "com.syj.boxue01-Demo";
				PRODUCT_NAME = "$(TARGET_NAME)";
				SWIFT_VERSION = 4.0;
				TARGETED_DEVICE_FAMILY = "1,2";
			};
			name = Debug;
		};
		C9D1425D20BCF58E00E46D70 /* Release */ = {
			isa = XCBuildConfiguration;
			baseConfigurationReference = AAA74EFDC72221ECA0137EA8 /* Pods-boxue01-Demo.release.xcconfig */;
			buildSettings = {
				ASSETCATALOG_COMPILER_APPICON_NAME = AppIcon;
				CODE_SIGN_STYLE = Automatic;
				INFOPLIST_FILE = "boxue01-Demo/Info.plist";
				LD_RUNPATH_SEARCH_PATHS = (
					"$(inherited)",
					"@executable_path/Frameworks",
				);
				PRODUCT_BUNDLE_IDENTIFIER = "com.syj.boxue01-Demo";
				PRODUCT_NAME = "$(TARGET_NAME)";
				SWIFT_VERSION = 4.0;
				TARGETED_DEVICE_FAMILY = "1,2";
			};
			name = Release;
		};
		C9D1425F20BCF58E00E46D70 /* Debug */ = {
			isa = XCBuildConfiguration;
			buildSettings = {
				ALWAYS_EMBED_SWIFT_STANDARD_LIBRARIES = YES;
				BUNDLE_LOADER = "$(TEST_HOST)";
				CODE_SIGN_STYLE = Automatic;
				INFOPLIST_FILE = "boxue01-DemoTests/Info.plist";
				LD_RUNPATH_SEARCH_PATHS = (
					"$(inherited)",
					"@executable_path/Frameworks",
					"@loader_path/Frameworks",
				);
				PRODUCT_BUNDLE_IDENTIFIER = "com.syj.boxue01-DemoTests";
				PRODUCT_NAME = "$(TARGET_NAME)";
				SWIFT_VERSION = 4.0;
				TARGETED_DEVICE_FAMILY = "1,2";
				TEST_HOST = "$(BUILT_PRODUCTS_DIR)/boxue01-Demo.app/boxue01-Demo";
			};
			name = Debug;
		};
		C9D1426020BCF58E00E46D70 /* Release */ = {
			isa = XCBuildConfiguration;
			buildSettings = {
				ALWAYS_EMBED_SWIFT_STANDARD_LIBRARIES = YES;
				BUNDLE_LOADER = "$(TEST_HOST)";
				CODE_SIGN_STYLE = Automatic;
				INFOPLIST_FILE = "boxue01-DemoTests/Info.plist";
				LD_RUNPATH_SEARCH_PATHS = (
					"$(inherited)",
					"@executable_path/Frameworks",
					"@loader_path/Frameworks",
				);
				PRODUCT_BUNDLE_IDENTIFIER = "com.syj.boxue01-DemoTests";
				PRODUCT_NAME = "$(TARGET_NAME)";
				SWIFT_VERSION = 4.0;
				TARGETED_DEVICE_FAMILY = "1,2";
				TEST_HOST = "$(BUILT_PRODUCTS_DIR)/boxue01-Demo.app/boxue01-Demo";
			};
			name = Release;
		};
		C9D1426220BCF58E00E46D70 /* Debug */ = {
			isa = XCBuildConfiguration;
			buildSettings = {
				ALWAYS_EMBED_SWIFT_STANDARD_LIBRARIES = YES;
				CODE_SIGN_STYLE = Automatic;
				INFOPLIST_FILE = "boxue01-DemoUITests/Info.plist";
				LD_RUNPATH_SEARCH_PATHS = (
					"$(inherited)",
					"@executable_path/Frameworks",
					"@loader_path/Frameworks",
				);
				PRODUCT_BUNDLE_IDENTIFIER = "com.syj.boxue01-DemoUITests";
				PRODUCT_NAME = "$(TARGET_NAME)";
				SWIFT_VERSION = 4.0;
				TARGETED_DEVICE_FAMILY = "1,2";
				TEST_TARGET_NAME = "boxue01-Demo";
			};
			name = Debug;
		};
		C9D1426320BCF58E00E46D70 /* Release */ = {
			isa = XCBuildConfiguration;
			buildSettings = {
				ALWAYS_EMBED_SWIFT_STANDARD_LIBRARIES = YES;
				CODE_SIGN_STYLE = Automatic;
				INFOPLIST_FILE = "boxue01-DemoUITests/Info.plist";
				LD_RUNPATH_SEARCH_PATHS = (
					"$(inherited)",
					"@executable_path/Frameworks",
					"@loader_path/Frameworks",
				);
				PRODUCT_BUNDLE_IDENTIFIER = "com.syj.boxue01-DemoUITests";
				PRODUCT_NAME = "$(TARGET_NAME)";
				SWIFT_VERSION = 4.0;
				TARGETED_DEVICE_FAMILY = "1,2";
				TEST_TARGET_NAME = "boxue01-Demo";
			};
			name = Release;
		};
/* End XCBuildConfiguration section */

/* Begin XCConfigurationList section */
		C9D1422E20BCF58C00E46D70 /* Build configuration list for PBXProject "boxue01-Demo" */ = {
			isa = XCConfigurationList;
			buildConfigurations = (
				C9D1425920BCF58E00E46D70 /* Debug */,
				C9D1425A20BCF58E00E46D70 /* Release */,
			);
			defaultConfigurationIsVisible = 0;
			defaultConfigurationName = Release;
		};
		C9D1425B20BCF58E00E46D70 /* Build configuration list for PBXNativeTarget "boxue01-Demo" */ = {
			isa = XCConfigurationList;
			buildConfigurations = (
				C9D1425C20BCF58E00E46D70 /* Debug */,
				C9D1425D20BCF58E00E46D70 /* Release */,
			);
			defaultConfigurationIsVisible = 0;
			defaultConfigurationName = Release;
		};
		C9D1425E20BCF58E00E46D70 /* Build configuration list for PBXNativeTarget "boxue01-DemoTests" */ = {
			isa = XCConfigurationList;
			buildConfigurations = (
				C9D1425F20BCF58E00E46D70 /* Debug */,
				C9D1426020BCF58E00E46D70 /* Release */,
			);
			defaultConfigurationIsVisible = 0;
			defaultConfigurationName = Release;
		};
		C9D1426120BCF58E00E46D70 /* Build configuration list for PBXNativeTarget "boxue01-DemoUITests" */ = {
			isa = XCConfigurationList;
			buildConfigurations = (
				C9D1426220BCF58E00E46D70 /* Debug */,
				C9D1426320BCF58E00E46D70 /* Release */,
			);
			defaultConfigurationIsVisible = 0;
			defaultConfigurationName = Release;
		};
/* End XCConfigurationList section */
	};
	rootObject = C9D1422B20BCF58C00E46D70 /* Project object */;
}
